
Microsoft Visual Studio Solution File, Format Version 12.00
# Visual Studio Version 17
VisualStudioVersion = 17.13.35919.96 d17.13
MinimumVisualStudioVersion = 10.0.40219.1
Project("{FAE04EC0-301F-11D3-BF4B-00C04F79EFBC}") = "IBuy.API", "IBuy.API\IBuy.API.csproj", "{C678A70E-A4B5-4869-9972-EF2F158421B0}"
EndProject
Global
	GlobalSection(SolutionConfigurationPlatforms) = preSolution
		Debug|Any CPU = Debug|Any CPU
		Release|Any CPU = Release|Any CPU
	EndGlobalSection
	GlobalSection(ProjectConfigurationPlatforms) = postSolution
		{C678A70E-A4B5-4869-9972-EF2F158421B0}.Debug|Any CPU.ActiveCfg = Debug|Any CPU
		{C678A70E-A4B5-4869-9972-EF2F158421B0}.Debug|Any CPU.Build.0 = Debug|Any CPU
		{C678A70E-A4B5-4869-9972-EF2F158421B0}.Release|Any CPU.ActiveCfg = Release|Any CPU
		{C678A70E-A4B5-4869-9972-EF2F158421B0}.Release|Any CPU.Build.0 = Release|Any CPU
	EndGlobalSection
	GlobalSection(SolutionProperties) = preSolution
		HideSolutionNode = FALSE
	EndGlobalSection
	GlobalSection(ExtensibilityGlobals) = postSolution
		SolutionGuid = {FDDC63C4-3703-44DD-A3F5-81A4705E56E9}
	EndGlobalSection
EndGlobal
